
Microsoft Visual Studio Solution File, Format Version 12.00
# Visual Studio Version 16
VisualStudioVersion = 16.0.31424.327
MinimumVisualStudioVersion = 10.0.40219.1
Project("{FAE04EC0-301F-11D3-BF4B-00C04F79EFBC}") = "AspNetCoreMvc5", "AspNetCoreMvc5\AspNetCoreMvc5.csproj", "{FB2C074E-C0AE-4F78-ACBA-719F19FB01F7}"
EndProject
Global
	GlobalSection(SolutionConfigurationPlatforms) = preSolution
		Debug|Any CPU = Debug|Any CPU
		Release|Any CPU = Release|Any CPU
	EndGlobalSection
	GlobalSection(ProjectConfigurationPlatforms) = postSolution
		{FB2C074E-C0AE-4F78-ACBA-719F19FB01F7}.Debug|Any CPU.ActiveCfg = Debug|Any CPU
		{FB2C074E-C0AE-4F78-ACBA-719F19FB01F7}.Debug|Any CPU.Build.0 = Debug|Any CPU
		{FB2C074E-C0AE-4F78-ACBA-719F19FB01F7}.Release|Any CPU.ActiveCfg = Release|Any CPU
		{FB2C074E-C0AE-4F78-ACBA-719F19FB01F7}.Release|Any CPU.Build.0 = Release|Any CPU
	EndGlobalSection
	GlobalSection(SolutionProperties) = preSolution
		HideSolutionNode = FALSE
	EndGlobalSection
	GlobalSection(ExtensibilityGlobals) = postSolution
		SolutionGuid = {A64CE882-551E-467B-A616-8266CF4AAF80}
	EndGlobalSection
EndGlobal
